
Microsoft Visual Studio Solution File, Format Version 12.00
# Visual Studio Version 17
VisualStudioVersion = 17.8.34408.163
MinimumVisualStudioVersion = 10.0.40219.1
Project("{FAE04EC0-301F-11D3-BF4B-00C04F79EFBC}") = "DevIO.AppMvc", "src\DevIO.AppMvc\DevIO.AppMvc.csproj", "{D482588E-C94C-4ABF-AB10-A0BBBECE36E3}"
EndProject
Project("{FAE04EC0-301F-11D3-BF4B-00C04F79EFBC}") = "DevIO.Business", "src\DevIO.Business\DevIO.Business.csproj", "{B643BFB0-79A6-445B-BE20-659C15944F4A}"
EndProject
Project("{FAE04EC0-301F-11D3-BF4B-00C04F79EFBC}") = "DevIO.Infra", "src\DevIO.Infra\DevIO.Infra.csproj", "{CB9D342A-0402-4821-B3A1-0DA79FC132F6}"
EndProject
Global
	GlobalSection(SolutionConfigurationPlatforms) = preSolution
		Debug|Any CPU = Debug|Any CPU
		Release|Any CPU = Release|Any CPU
	EndGlobalSection
	GlobalSection(ProjectConfigurationPlatforms) = postSolution
		{D482588E-C94C-4ABF-AB10-A0BBBECE36E3}.Debug|Any CPU.ActiveCfg = Debug|Any CPU
		{D482588E-C94C-4ABF-AB10-A0BBBECE36E3}.Debug|Any CPU.Build.0 = Debug|Any CPU
		{D482588E-C94C-4ABF-AB10-A0BBBECE36E3}.Release|Any CPU.ActiveCfg = Release|Any CPU
		{D482588E-C94C-4ABF-AB10-A0BBBECE36E3}.Release|Any CPU.Build.0 = Release|Any CPU
		{B643BFB0-79A6-445B-BE20-659C15944F4A}.Debug|Any CPU.ActiveCfg = Debug|Any CPU
		{B643BFB0-79A6-445B-BE20-659C15944F4A}.Debug|Any CPU.Build.0 = Debug|Any CPU
		{B643BFB0-79A6-445B-BE20-659C15944F4A}.Release|Any CPU.ActiveCfg = Release|Any CPU
		{B643BFB0-79A6-445B-BE20-659C15944F4A}.Release|Any CPU.Build.0 = Release|Any CPU
		{CB9D342A-0402-4821-B3A1-0DA79FC132F6}.Debug|Any CPU.ActiveCfg = Debug|Any CPU
		{CB9D342A-0402-4821-B3A1-0DA79FC132F6}.Debug|Any CPU.Build.0 = Debug|Any CPU
		{CB9D342A-0402-4821-B3A1-0DA79FC132F6}.Release|Any CPU.ActiveCfg = Release|Any CPU
		{CB9D342A-0402-4821-B3A1-0DA79FC132F6}.Release|Any CPU.Build.0 = Release|Any CPU
	EndGlobalSection
	GlobalSection(SolutionProperties) = preSolution
		HideSolutionNode = FALSE
	EndGlobalSection
	GlobalSection(ExtensibilityGlobals) = postSolution
		SolutionGuid = {3E88A792-AB32-409F-BAF0-B73FDE8A76F9}
	EndGlobalSection
EndGlobal
